{
  "projects": [
    {
      "projectId": "vjmRVEavJCu7SC28WWBhV8",
      "version": "latest",
      "dependencies": {},
      "lang": "ts",
      "fileLocks": [
        {
          "type": "globalVariant",
          "assetId": "TuwxvZBi00fC",
          "checksum": "7c88dd3dc9fa35aa118f75597b86e864"
        },
        {
          "type": "renderModule",
          "assetId": "S_td68rrSYtG",
          "checksum": "11f55a4ed2413d500467dda80fa04a90"
        },
        {
          "type": "cssRules",
          "assetId": "S_td68rrSYtG",
          "checksum": "11f55a4ed2413d500467dda80fa04a90"
        },
        {
          "assetId": "vjmRVEavJCu7SC28WWBhV8",
          "type": "projectCss",
          "checksum": "88aa2e911668ed4fb2f2bf6ee7ff99a4"
        },
        {
          "type": "renderModule",
          "assetId": "W50Sn-5bsy",
          "checksum": "f87b196c35e20fd4e54e40a67591ba9a"
        },
        {
          "type": "cssRules",
          "assetId": "W50Sn-5bsy",
          "checksum": "f87b196c35e20fd4e54e40a67591ba9a"
        }
      ]
    }
  ],
  "cliVersion": "0.1.152"
}
